{
  "name": "BlogForDev",
  "lockfileVersion": 2,
  "requires": true,
  "packages": {
    "": {
      "dependencies": {
        "19": "^0.0.0"
      }
    },
    "node_modules/19": {
      "version": "0.0.0",
      "resolved": "https://registry.npmjs.org/19/-/19-0.0.0.tgz",
      "integrity": "sha512-wSj2TsrEMkfKwbddPzZDaT4JREMX1YuJsxYJa/O8tuDR2hfIygUTN4eybhw+3pqp6EZsEzJTBZzdHl+Ti+mR5w=="
    }
  },
  "dependencies": {
    "19": {
      "version": "0.0.0",
      "resolved": "https://registry.npmjs.org/19/-/19-0.0.0.tgz",
      "integrity": "sha512-wSj2TsrEMkfKwbddPzZDaT4JREMX1YuJsxYJa/O8tuDR2hfIygUTN4eybhw+3pqp6EZsEzJTBZzdHl+Ti+mR5w=="
    }
  }
}
